github.com/go-sql-driver/mysql v1.6.0 h1:BCTh4TKNUYmOmMUcQ3IipzF5prigylS7XXjEkfCHuOE=
github.com/go-sql-driver/mysql v1.6.0/go.mod h1:DCzpHaOWr8IXmIStZouvnhqoel9Qv2LBy8hT2VhHyBg=
github.com/google/uuid v1.3.0 h1:t6JiXgmwXMjEs8VusXIJk2BXHsn+wx8BZdTaoZ5fu7I=
github.com/kballard/go-shellquote v0.0.0-20180428030007-95032a82bc51 h1:Z9n2FFNUXsshfwJMBgNA0RU6/i7WVaAegv3PtuIHPMs=
github.com/mattn/go-isatty v0.0.12 h1:wuysRhFDzyxgEmMf5xjvJ2M9dZoWAXNNr5LSBS7uHXY=
github.com/pressly/goose/v3 v3.6.1 h1:DB7/eKhn98vWOz90OSXqMf4OwuKCdQ6GbvxhtjO4Uak=
github.com/pressly/goose/v3 v3.6.1/go.mod h1:fpaav/TpxygOn1+OAdzwswN2NbvadBOktQpiDOxewvY=
github.com/remyoudompheng/bigfft v0.0.0-20200410134404-eec4a21b6bb0 h1:OdAsTTz6OkFY5QxjkYwrChwuRruF69c169dPK26NUlk=
golang.org/x/mod v0.4.2 h1:Gz96sIWK3OalVv/I/qNygP42zyoKp3xptRVCWRFEBvo=
golang.org/x/sys v0.0.0-20220429233432-b5fbb4746d32 h1:Js08h5hqB5xyWR789+QqueR6sDE8mk+YvpETZ+F6X9Y=
golang.org/x/tools v0.1.7 h1:6j8CgantCy3yc8JGBqkDLMKWqZ0RDU2g1HVgacojGWQ=
golang.org/x/xerrors v0.0.0-20200804184101-5ec99f83aff1 h1:go1bK/D/BFZV2I8cIQd1NKEZ+0owSTG1fDTci4IqFcE=
lukechampine.com/uint128 v1.1.1 h1:pnxCASz787iMf+02ssImqk6OLt+Z5QHMoZyUXR4z6JU=
modernc.org/cc/v3 v3.36.0 h1:0kmRkTmqNidmu3c7BNDSdVHCxXCkWLmWmCIVX4LUboo=
modernc.org/ccgo/v3 v3.16.6 h1:3l18poV+iUemQ98O3X5OMr97LOqlzis+ytivU4NqGhA=
modernc.org/libc v1.16.7 h1:qzQtHhsZNpVPpeCu+aMIQldXeV1P0vRhSqCL0nOIJOA=
modernc.org/mathutil v1.4.1 h1:ij3fYGe8zBF4Vu+g0oT7mB06r8sqGWKuJu1yXeR4by8=
modernc.org/memory v1.1.1 h1:bDOL0DIDLQv7bWhP3gMvIrnoFw+Eo6F7a2QK9HPDiFU=
modernc.org/opt v0.1.1 h1:/0RX92k9vwVeDXj+Xn23DKp2VJubL7k8qNffND6qn3A=
modernc.org/sqlite v1.17.3 h1:iE+coC5g17LtByDYDWKpR6m2Z9022YrSh3bumwOnIrI=
modernc.org/strutil v1.1.1 h1:xv+J1BXY3Opl2ALrBwyfEikFAj8pmqcpnfmuwUwcozs=
modernc.org/token v1.0.0 h1:a0jaWiNMDhDUtqOj09wvjWWAqd3q7WpBulmL9H2egsk=
